
Microsoft Visual Studio Solution File, Format Version 12.00
# Visual Studio Version 16
VisualStudioVersion = 16.0.30128.74
MinimumVisualStudioVersion = 10.0.40219.1
Project("{FAE04EC0-301F-11D3-BF4B-00C04F79EFBC}") = "DSidesHelper", "DSidesHelper.csproj", "{33ABD9B0-F894-44F8-8699-FA32B1D06DA4}"
EndProject
Global
	GlobalSection(SolutionConfigurationPlatforms) = preSolution
		Debug|Any CPU = Debug|Any CPU
		Release|Any CPU = Release|Any CPU
	EndGlobalSection
	GlobalSection(ProjectConfigurationPlatforms) = postSolution
		{33ABD9B0-F894-44F8-8699-FA32B1D06DA4}.Debug|Any CPU.ActiveCfg = Debug|Any CPU
		{33ABD9B0-F894-44F8-8699-FA32B1D06DA4}.Debug|Any CPU.Build.0 = Debug|Any CPU
		{33ABD9B0-F894-44F8-8699-FA32B1D06DA4}.Release|Any CPU.ActiveCfg = Release|Any CPU
		{33ABD9B0-F894-44F8-8699-FA32B1D06DA4}.Release|Any CPU.Build.0 = Release|Any CPU
	EndGlobalSection
	GlobalSection(SolutionProperties) = preSolution
		HideSolutionNode = FALSE
	EndGlobalSection
	GlobalSection(ExtensibilityGlobals) = postSolution
		SolutionGuid = {328E0926-9560-485E-ADF6-5B1AE2BBE62A}
	EndGlobalSection
EndGlobal
